// !$*UTF8*$!
{
	archiveVersion = 1;
	classes = {
	};
	objectVersion = 48;
	objects = {

/* Begin PBXBuildFile section */
		9987253A1F85B087000857C7 /* AppDelegate.swift in Sources */ = {isa = PBXBuildFile; fileRef = 998725391F85B087000857C7 /* AppDelegate.swift */; };
		9987253C1F85B087000857C7 /* PlayerVC.swift in Sources */ = {isa = PBXBuildFile; fileRef = 9987253B1F85B087000857C7 /* PlayerVC.swift */; };
		9987253F1F85B087000857C7 /* Main.storyboard in Resources */ = {isa = PBXBuildFile; fileRef = 9987253D1F85B087000857C7 /* Main.storyboard */; };
		998725411F85B087000857C7 /* Assets.xcassets in Resources */ = {isa = PBXBuildFile; fileRef = 998725401F85B087000857C7 /* Assets.xcassets */; };
		998725441F85B087000857C7 /* LaunchScreen.storyboard in Resources */ = {isa = PBXBuildFile; fileRef = 998725421F85B087000857C7 /* LaunchScreen.storyboard */; };
		9987254F1F85B088000857C7 /* RosterBotsTests.swift in Sources */ = {isa = PBXBuildFile; fileRef = 9987254E1F85B088000857C7 /* RosterBotsTests.swift */; };
		9987255A1F85B0A2000857C7 /* Player.swift in Sources */ = {isa = PBXBuildFile; fileRef = 998725591F85B0A2000857C7 /* Player.swift */; };
		9987255C1F85B0B7000857C7 /* Owner.swift in Sources */ = {isa = PBXBuildFile; fileRef = 9987255B1F85B0B7000857C7 /* Owner.swift */; };
		998725621F86AE2B000857C7 /* PlayerCell.swift in Sources */ = {isa = PBXBuildFile; fileRef = 998725611F86AE2B000857C7 /* PlayerCell.swift */; };
		99B612AC1F8729A500F19BA5 /* PlayerDetailVC.swift in Sources */ = {isa = PBXBuildFile; fileRef = 99B612AB1F8729A500F19BA5 /* PlayerDetailVC.swift */; };
		99FC693E1F87F9A100F4A83B /* MainVC.swift in Sources */ = {isa = PBXBuildFile; fileRef = 99FC693D1F87F99F00F4A83B /* MainVC.swift */; };
		99FC69401F8802A900F4A83B /* RoundedButton.swift in Sources */ = {isa = PBXBuildFile; fileRef = 99FC693F1F8802A800F4A83B /* RoundedButton.swift */; };
/* End PBXBuildFile section */

/* Begin PBXContainerItemProxy section */
		9987254B1F85B088000857C7 /* PBXContainerItemProxy */ = {
			isa = PBXContainerItemProxy;
			containerPortal = 9987252E1F85B087000857C7 /* Project object */;
			proxyType = 1;
			remoteGlobalIDString = 998725351F85B087000857C7;
			remoteInfo = RosterBots;
		};
/* End PBXContainerItemProxy section */

/* Begin PBXFileReference section */
		998725361F85B087000857C7 /* RosterBots.app */ = {isa = PBXFileReference; explicitFileType = wrapper.application; includeInIndex = 0; path = RosterBots.app; sourceTree = BUILT_PRODUCTS_DIR; };
		998725391F85B087000857C7 /* AppDelegate.swift */ = {isa = PBXFileReference; lastKnownFileType = sourcecode.swift; path = AppDelegate.swift; sourceTree = "<group>"; };
		9987253B1F85B087000857C7 /* PlayerVC.swift */ = {isa = PBXFileReference; lastKnownFileType = sourcecode.swift; path = PlayerVC.swift; sourceTree = "<group>"; };
		9987253E1F85B087000857C7 /* Base */ = {isa = PBXFileReference; lastKnownFileType = file.storyboard; name = Base; path = Base.lproj/Main.storyboard; sourceTree = "<group>"; };
		998725401F85B087000857C7 /* Assets.xcassets */ = {isa = PBXFileReference; lastKnownFileType = folder.assetcatalog; path = Assets.xcassets; sourceTree = "<group>"; };
		998725431F85B087000857C7 /* Base */ = {isa = PBXFileReference; lastKnownFileType = file.storyboard; name = Base; path = Base.lproj/LaunchScreen.storyboard; sourceTree = "<group>"; };
		998725451F85B087000857C7 /* Info.plist */ = {isa = PBXFileReference; lastKnownFileType = text.plist.xml; path = Info.plist; sourceTree = "<group>"; };
		9987254A1F85B087000857C7 /* RosterBotsTests.xctest */ = {isa = PBXFileReference; explicitFileType = wrapper.cfbundle; includeInIndex = 0; path = RosterBotsTests.xctest; sourceTree = BUILT_PRODUCTS_DIR; };
		9987254E1F85B088000857C7 /* RosterBotsTests.swift */ = {isa = PBXFileReference; lastKnownFileType = sourcecode.swift; path = RosterBotsTests.swift; sourceTree = "<group>"; };
		998725501F85B088000857C7 /* Info.plist */ = {isa = PBXFileReference; lastKnownFileType = text.plist.xml; path = Info.plist; sourceTree = "<group>"; };
		998725591F85B0A2000857C7 /* Player.swift */ = {isa = PBXFileReference; lastKnownFileType = sourcecode.swift; path = Player.swift; sourceTree = "<group>"; };
		9987255B1F85B0B7000857C7 /* Owner.swift */ = {isa = PBXFileReference; lastKnownFileType = sourcecode.swift; path = Owner.swift; sourceTree = "<group>"; };
		998725611F86AE2B000857C7 /* PlayerCell.swift */ = {isa = PBXFileReference; lastKnownFileType = sourcecode.swift; path = PlayerCell.swift; sourceTree = "<group>"; };
		99B612AB1F8729A500F19BA5 /* PlayerDetailVC.swift */ = {isa = PBXFileReference; lastKnownFileType = sourcecode.swift; path = PlayerDetailVC.swift; sourceTree = "<group>"; };
		99FC693D1F87F99F00F4A83B /* MainVC.swift */ = {isa = PBXFileReference; lastKnownFileType = sourcecode.swift; path = MainVC.swift; sourceTree = "<group>"; };
		99FC693F1F8802A800F4A83B /* RoundedButton.swift */ = {isa = PBXFileReference; lastKnownFileType = sourcecode.swift; path = RoundedButton.swift; sourceTree = "<group>"; };
/* End PBXFileReference section */

/* Begin PBXFrameworksBuildPhase section */
		998725331F85B087000857C7 /* Frameworks */ = {
			isa = PBXFrameworksBuildPhase;
			buildActionMask = 2147483647;
			files = (
			);
			runOnlyForDeploymentPostprocessing = 0;
		};
		998725471F85B087000857C7 /* Frameworks */ = {
			isa = PBXFrameworksBuildPhase;
			buildActionMask = 2147483647;
			files = (
			);
			runOnlyForDeploymentPostprocessing = 0;
		};
/* End PBXFrameworksBuildPhase section */

/* Begin PBXGroup section */
		9987252D1F85B087000857C7 = {
			isa = PBXGroup;
			children = (
				998725381F85B087000857C7 /* RosterBots */,
				9987254D1F85B088000857C7 /* RosterBotsTests */,
				998725371F85B087000857C7 /* Products */,
			);
			sourceTree = "<group>";
		};
		998725371F85B087000857C7 /* Products */ = {
			isa = PBXGroup;
			children = (
				998725361F85B087000857C7 /* RosterBots.app */,
				9987254A1F85B087000857C7 /* RosterBotsTests.xctest */,
			);
			name = Products;
			sourceTree = "<group>";
		};
		998725381F85B087000857C7 /* RosterBots */ = {
			isa = PBXGroup;
			children = (
				99FC69431F8803CA00F4A83B /* Views */,
				99FC69421F8803C200F4A83B /* Modal */,
				99FC69411F8803B600F4A83B /* Controllers */,
				998725391F85B087000857C7 /* AppDelegate.swift */,
				9987253D1F85B087000857C7 /* Main.storyboard */,
				998725401F85B087000857C7 /* Assets.xcassets */,
				998725421F85B087000857C7 /* LaunchScreen.storyboard */,
				998725451F85B087000857C7 /* Info.plist */,
			);
			path = RosterBots;
			sourceTree = "<group>";
		};
		9987254D1F85B088000857C7 /* RosterBotsTests */ = {
			isa = PBXGroup;
			children = (
				9987254E1F85B088000857C7 /* RosterBotsTests.swift */,
				998725501F85B088000857C7 /* Info.plist */,
			);
			path = RosterBotsTests;
			sourceTree = "<group>";
		};
		99FC69411F8803B600F4A83B /* Controllers */ = {
			isa = PBXGroup;
			children = (
				99FC693D1F87F99F00F4A83B /* MainVC.swift */,
				9987253B1F85B087000857C7 /* PlayerVC.swift */,
				99B612AB1F8729A500F19BA5 /* PlayerDetailVC.swift */,
			);
			path = Controllers;
			sourceTree = "<group>";
		};
		99FC69421F8803C200F4A83B /* Modal */ = {
			isa = PBXGroup;
			children = (
				998725591F85B0A2000857C7 /* Player.swift */,
				9987255B1F85B0B7000857C7 /* Owner.swift */,
			);
			path = Modal;
			sourceTree = "<group>";
		};
		99FC69431F8803CA00F4A83B /* Views */ = {
			isa = PBXGroup;
			children = (
				998725611F86AE2B000857C7 /* PlayerCell.swift */,
				99FC693F1F8802A800F4A83B /* RoundedButton.swift */,
			);
			path = Views;
			sourceTree = "<group>";
		};
/* End PBXGroup section */

/* Begin PBXNativeTarget section */
		998725351F85B087000857C7 /* RosterBots */ = {
			isa = PBXNativeTarget;
			buildConfigurationList = 998725531F85B088000857C7 /* Build configuration list for PBXNativeTarget "RosterBots" */;
			buildPhases = (
				998725321F85B087000857C7 /* Sources */,
				998725331F85B087000857C7 /* Frameworks */,
				998725341F85B087000857C7 /* Resources */,
			);
			buildRules = (
			);
			dependencies = (
			);
			name = RosterBots;
			productName = RosterBots;
			productReference = 998725361F85B087000857C7 /* RosterBots.app */;
			productType = "com.apple.product-type.application";
		};
		998725491F85B087000857C7 /* RosterBotsTests */ = {
			isa = PBXNativeTarget;
			buildConfigurationList = 998725561F85B088000857C7 /* Build configuration list for PBXNativeTarget "RosterBotsTests" */;
			buildPhases = (
				998725461F85B087000857C7 /* Sources */,
				998725471F85B087000857C7 /* Frameworks */,
				998725481F85B087000857C7 /* Resources */,
			);
			buildRules = (
			);
			dependencies = (
				9987254C1F85B088000857C7 /* PBXTargetDependency */,
			);
			name = RosterBotsTests;
			productName = RosterBotsTests;
			productReference = 9987254A1F85B087000857C7 /* RosterBotsTests.xctest */;
			productType = "com.apple.product-type.bundle.unit-test";
		};
/* End PBXNativeTarget section */

/* Begin PBXProject section */
		9987252E1F85B087000857C7 /* Project object */ = {
			isa = PBXProject;
			attributes = {
				LastSwiftUpdateCheck = 0900;
				LastUpgradeCheck = 0900;
				ORGANIZATIONNAME = Yashwanth;
				TargetAttributes = {
					998725351F85B087000857C7 = {
						CreatedOnToolsVersion = 9.0;
						ProvisioningStyle = Automatic;
					};
					998725491F85B087000857C7 = {
						CreatedOnToolsVersion = 9.0;
						ProvisioningStyle = Automatic;
						TestTargetID = 998725351F85B087000857C7;
					};
				};
			};
			buildConfigurationList = 998725311F85B087000857C7 /* Build configuration list for PBXProject "RosterBots" */;
			compatibilityVersion = "Xcode 8.0";
			developmentRegion = en;
			hasScannedForEncodings = 0;
			knownRegions = (
				en,
				Base,
			);
			mainGroup = 9987252D1F85B087000857C7;
			productRefGroup = 998725371F85B087000857C7 /* Products */;
			projectDirPath = "";
			projectRoot = "";
			targets = (
				998725351F85B087000857C7 /* RosterBots */,
				998725491F85B087000857C7 /* RosterBotsTests */,
			);
		};
/* End PBXProject section */

/* Begin PBXResourcesBuildPhase section */
		998725341F85B087000857C7 /* Resources */ = {
			isa = PBXResourcesBuildPhase;
			buildActionMask = 2147483647;
			files = (
				998725441F85B087000857C7 /* LaunchScreen.storyboard in Resources */,
				998725411F85B087000857C7 /* Assets.xcassets in Resources */,
				9987253F1F85B087000857C7 /* Main.storyboard in Resources */,
			);
			runOnlyForDeploymentPostprocessing = 0;
		};
		998725481F85B087000857C7 /* Resources */ = {
			isa = PBXResourcesBuildPhase;
			buildActionMask = 2147483647;
			files = (
			);
			runOnlyForDeploymentPostprocessing = 0;
		};
/* End PBXResourcesBuildPhase section */

/* Begin PBXSourcesBuildPhase section */
		998725321F85B087000857C7 /* Sources */ = {
			isa = PBXSourcesBuildPhase;
			buildActionMask = 2147483647;
			files = (
				9987253C1F85B087000857C7 /* PlayerVC.swift in Sources */,
				9987255C1F85B0B7000857C7 /* Owner.swift in Sources */,
				9987255A1F85B0A2000857C7 /* Player.swift in Sources */,
				99FC69401F8802A900F4A83B /* RoundedButton.swift in Sources */,
				9987253A1F85B087000857C7 /* AppDelegate.swift in Sources */,
				99B612AC1F8729A500F19BA5 /* PlayerDetailVC.swift in Sources */,
				998725621F86AE2B000857C7 /* PlayerCell.swift in Sources */,
				99FC693E1F87F9A100F4A83B /* MainVC.swift in Sources */,
			);
			runOnlyForDeploymentPostprocessing = 0;
		};
		998725461F85B087000857C7 /* Sources */ = {
			isa = PBXSourcesBuildPhase;
			buildActionMask = 2147483647;
			files = (
				9987254F1F85B088000857C7 /* RosterBotsTests.swift in Sources */,
			);
			runOnlyForDeploymentPostprocessing = 0;
		};
/* End PBXSourcesBuildPhase section */

/* Begin PBXTargetDependency section */
		9987254C1F85B088000857C7 /* PBXTargetDependency */ = {
			isa = PBXTargetDependency;
			target = 998725351F85B087000857C7 /* RosterBots */;
			targetProxy = 9987254B1F85B088000857C7 /* PBXContainerItemProxy */;
		};
/* End PBXTargetDependency section */

/* Begin PBXVariantGroup section */
		9987253D1F85B087000857C7 /* Main.storyboard */ = {
			isa = PBXVariantGroup;
			children = (
				9987253E1F85B087000857C7 /* Base */,
			);
			name = Main.storyboard;
			sourceTree = "<group>";
		};
		998725421F85B087000857C7 /* LaunchScreen.storyboard */ = {
			isa = PBXVariantGroup;
			children = (
				998725431F85B087000857C7 /* Base */,
			);
			name = LaunchScreen.storyboard;
			sourceTree = "<group>";
		};
/* End PBXVariantGroup section */

/* Begin XCBuildConfiguration section */
		998725511F85B088000857C7 /* Debug */ = {
			isa = XCBuildConfiguration;
			buildSettings = {
				ALWAYS_SEARCH_USER_PATHS = NO;
				CLANG_ANALYZER_NONNULL = YES;
				CLANG_ANALYZER_NUMBER_OBJECT_CONVERSION = YES_AGGRESSIVE;
				CLANG_CXX_LANGUAGE_STANDARD = "gnu++14";
				CLANG_CXX_LIBRARY = "libc++";
				CLANG_ENABLE_MODULES = YES;
				CLANG_ENABLE_OBJC_ARC = YES;
				CLANG_WARN_BLOCK_CAPTURE_AUTORELEASING = YES;
				CLANG_WARN_BOOL_CONVERSION = YES;
				CLANG_WARN_COMMA = YES;
				CLANG_WARN_CONSTANT_CONVERSION = YES;
				CLANG_WARN_DIRECT_OBJC_ISA_USAGE = YES_ERROR;
				CLANG_WARN_DOCUMENTATION_COMMENTS = YES;
				CLANG_WARN_EMPTY_BODY = YES;
				CLANG_WARN_ENUM_CONVERSION = YES;
				CLANG_WARN_INFINITE_RECURSION = YES;
				CLANG_WARN_INT_CONVERSION = YES;
				CLANG_WARN_NON_LITERAL_NULL_CONVERSION = YES;
				CLANG_WARN_OBJC_LITERAL_CONVERSION = YES;
				CLANG_WARN_OBJC_ROOT_CLASS = YES_ERROR;
				CLANG_WARN_RANGE_LOOP_ANALYSIS = YES;
				CLANG_WARN_STRICT_PROTOTYPES = YES;
				CLANG_WARN_SUSPICIOUS_MOVE = YES;
				CLANG_WARN_UNGUARDED_AVAILABILITY = YES_AGGRESSIVE;
				CLANG_WARN_UNREACHABLE_CODE = YES;
				CLANG_WARN__DUPLICATE_METHOD_MATCH = YES;
				CODE_SIGN_IDENTITY = "iPhone Developer";
				COPY_PHASE_STRIP = NO;
				DEBUG_INFORMATION_FORMAT = dwarf;
				ENABLE_STRICT_OBJC_MSGSEND = YES;
				ENABLE_TESTABILITY = YES;
				GCC_C_LANGUAGE_STANDARD = gnu11;
				GCC_DYNAMIC_NO_PIC = NO;
				GCC_NO_COMMON_BLOCKS = YES;
				GCC_OPTIMIZATION_LEVEL = 0;
				GCC_PREPROCESSOR_DEFINITIONS = (
					"DEBUG=1",
					"$(inherited)",
				);
				GCC_WARN_64_TO_32_BIT_CONVERSION = YES;
				GCC_WARN_ABOUT_RETURN_TYPE = YES_ERROR;
				GCC_WARN_UNDECLARED_SELECTOR = YES;
				GCC_WARN_UNINITIALIZED_AUTOS = YES_AGGRESSIVE;
				GCC_WARN_UNUSED_FUNCTION = YES;
				GCC_WARN_UNUSED_VARIABLE = YES;
				IPHONEOS_DEPLOYMENT_TARGET = 11.0;
				MTL_ENABLE_DEBUG_INFO = YES;
				ONLY_ACTIVE_ARCH = YES;
				SDKROOT = iphoneos;
				SWIFT_ACTIVE_COMPILATION_CONDITIONS = DEBUG;
				SWIFT_OPTIMIZATION_LEVEL = "-Onone";
			};
			name = Debug;
		};
		998725521F85B088000857C7 /* Release */ = {
			isa = XCBuildConfiguration;
			buildSettings = {
				ALWAYS_SEARCH_USER_PATHS = NO;
				CLANG_ANALYZER_NONNULL = YES;
				CLANG_ANALYZER_NUMBER_OBJECT_CONVERSION = YES_AGGRESSIVE;
				CLANG_CXX_LANGUAGE_STANDARD = "gnu++14";
				CLANG_CXX_LIBRARY = "libc++";
				CLANG_ENABLE_MODULES = YES;
				CLANG_ENABLE_OBJC_ARC = YES;
				CLANG_WARN_BLOCK_CAPTURE_AUTORELEASING = YES;
				CLANG_WARN_BOOL_CONVERSION = YES;
				CLANG_WARN_COMMA = YES;
				CLANG_WARN_CONSTANT_CONVERSION = YES;
				CLANG_WARN_DIRECT_OBJC_ISA_USAGE = YES_ERROR;
				CLANG_WARN_DOCUMENTATION_COMMENTS = YES;
				CLANG_WARN_EMPTY_BODY = YES;
				CLANG_WARN_ENUM_CONVERSION = YES;
				CLANG_WARN_INFINITE_RECURSION = YES;
				CLANG_WARN_INT_CONVERSION = YES;
				CLANG_WARN_NON_LITERAL_NULL_CONVERSION = YES;
				CLANG_WARN_OBJC_LITERAL_CONVERSION = YES;
				CLANG_WARN_OBJC_ROOT_CLASS = YES_ERROR;
				CLANG_WARN_RANGE_LOOP_ANALYSIS = YES;
				CLANG_WARN_STRICT_PROTOTYPES = YES;
				CLANG_WARN_SUSPICIOUS_MOVE = YES;
				CLANG_WARN_UNGUARDED_AVAILABILITY = YES_AGGRESSIVE;
				CLANG_WARN_UNREACHABLE_CODE = YES;
				CLANG_WARN__DUPLICATE_METHOD_MATCH = YES;
				CODE_SIGN_IDENTITY = "iPhone Developer";
				COPY_PHASE_STRIP = NO;
				DEBUG_INFORMATION_FORMAT = "dwarf-with-dsym";
				ENABLE_NS_ASSERTIONS = NO;
				ENABLE_STRICT_OBJC_MSGSEND = YES;
				GCC_C_LANGUAGE_STANDARD = gnu11;
				GCC_NO_COMMON_BLOCKS = YES;
				GCC_WARN_64_TO_32_BIT_CONVERSION = YES;
				GCC_WARN_ABOUT_RETURN_TYPE = YES_ERROR;
				GCC_WARN_UNDECLARED_SELECTOR = YES;
				GCC_WARN_UNINITIALIZED_AUTOS = YES_AGGRESSIVE;
				GCC_WARN_UNUSED_FUNCTION = YES;
				GCC_WARN_UNUSED_VARIABLE = YES;
				IPHONEOS_DEPLOYMENT_TARGET = 11.0;
				MTL_ENABLE_DEBUG_INFO = NO;
				SDKROOT = iphoneos;
				SWIFT_OPTIMIZATION_LEVEL = "-Owholemodule";
				VALIDATE_PRODUCT = YES;
			};
			name = Release;
		};
		998725541F85B088000857C7 /* Debug */ = {
			isa = XCBuildConfiguration;
			buildSettings = {
				ASSETCATALOG_COMPILER_APPICON_NAME = AppIcon;
				CODE_SIGN_STYLE = Automatic;
				INFOPLIST_FILE = RosterBots/Info.plist;
				LD_RUNPATH_SEARCH_PATHS = "$(inherited) @executable_path/Frameworks";
				PRODUCT_BUNDLE_IDENTIFIER = com.local.RosterBots;
				PRODUCT_NAME = "$(TARGET_NAME)";
				SWIFT_VERSION = 4.0;
				TARGETED_DEVICE_FAMILY = "1,2";
			};
			name = Debug;
		};
		998725551F85B088000857C7 /* Release */ = {
			isa = XCBuildConfiguration;
			buildSettings = {
				ASSETCATALOG_COMPILER_APPICON_NAME = AppIcon;
				CODE_SIGN_STYLE = Automatic;
				INFOPLIST_FILE = RosterBots/Info.plist;
				LD_RUNPATH_SEARCH_PATHS = "$(inherited) @executable_path/Frameworks";
				PRODUCT_BUNDLE_IDENTIFIER = com.local.RosterBots;
				PRODUCT_NAME = "$(TARGET_NAME)";
				SWIFT_VERSION = 4.0;
				TARGETED_DEVICE_FAMILY = "1,2";
			};
			name = Release;
		};
		998725571F85B088000857C7 /* Debug */ = {
			isa = XCBuildConfiguration;
			buildSettings = {
				ALWAYS_EMBED_SWIFT_STANDARD_LIBRARIES = YES;
				BUNDLE_LOADER = "$(TEST_HOST)";
				CODE_SIGN_STYLE = Automatic;
				INFOPLIST_FILE = RosterBotsTests/Info.plist;
				LD_RUNPATH_SEARCH_PATHS = "$(inherited) @executable_path/Frameworks @loader_path/Frameworks";
				PRODUCT_BUNDLE_IDENTIFIER = com.local.RosterBotsTests;
				PRODUCT_NAME = "$(TARGET_NAME)";
				SWIFT_VERSION = 4.0;
				TARGETED_DEVICE_FAMILY = "1,2";
				TEST_HOST = "$(BUILT_PRODUCTS_DIR)/RosterBots.app/RosterBots";
			};
			name = Debug;
		};
		998725581F85B088000857C7 /* Release */ = {
			isa = XCBuildConfiguration;
			buildSettings = {
				ALWAYS_EMBED_SWIFT_STANDARD_LIBRARIES = YES;
				BUNDLE_LOADER = "$(TEST_HOST)";
				CODE_SIGN_STYLE = Automatic;
				INFOPLIST_FILE = RosterBotsTests/Info.plist;
				LD_RUNPATH_SEARCH_PATHS = "$(inherited) @executable_path/Frameworks @loader_path/Frameworks";
				PRODUCT_BUNDLE_IDENTIFIER = com.local.RosterBotsTests;
				PRODUCT_NAME = "$(TARGET_NAME)";
				SWIFT_VERSION = 4.0;
				TARGETED_DEVICE_FAMILY = "1,2";
				TEST_HOST = "$(BUILT_PRODUCTS_DIR)/RosterBots.app/RosterBots";
			};
			name = Release;
		};
/* End XCBuildConfiguration section */

/* Begin XCConfigurationList section */
		998725311F85B087000857C7 /* Build configuration list for PBXProject "RosterBots" */ = {
			isa = XCConfigurationList;
			buildConfigurations = (
				998725511F85B088000857C7 /* Debug */,
				998725521F85B088000857C7 /* Release */,
			);
			defaultConfigurationIsVisible = 0;
			defaultConfigurationName = Release;
		};
		998725531F85B088000857C7 /* Build configuration list for PBXNativeTarget "RosterBots" */ = {
			isa = XCConfigurationList;
			buildConfigurations = (
				998725541F85B088000857C7 /* Debug */,
				998725551F85B088000857C7 /* Release */,
			);
			defaultConfigurationIsVisible = 0;
			defaultConfigurationName = Release;
		};
		998725561F85B088000857C7 /* Build configuration list for PBXNativeTarget "RosterBotsTests" */ = {
			isa = XCConfigurationList;
			buildConfigurations = (
				998725571F85B088000857C7 /* Debug */,
				998725581F85B088000857C7 /* Release */,
			);
			defaultConfigurationIsVisible = 0;
			defaultConfigurationName = Release;
		};
/* End XCConfigurationList section */
	};
	rootObject = 9987252E1F85B087000857C7 /* Project object */;
}
